Microsoft Visual Studio Solution File, Format Version 12.00
# Visual Studio 2012
Project("{FAE04EC0-301F-11D3-BF4B-00C04F79EFBC}") = "DailyWeather", "DailyWeather.csproj", "{65E79ED4-D50F-4E05-A3A3-026DAAA11BDA}"
EndProject
Global
	GlobalSection(SolutionConfigurationPlatforms) = preSolution
	Debug|Any CPU = Debug|Any CPU
	ExportDebug|Any CPU = ExportDebug|Any CPU
	ExportRelease|Any CPU = ExportRelease|Any CPU
	EndGlobalSection
	GlobalSection(ProjectConfigurationPlatforms) = postSolution
		{65E79ED4-D50F-4E05-A3A3-026DAAA11BDA}.Debug|Any CPU.ActiveCfg = Debug|Any CPU
		{65E79ED4-D50F-4E05-A3A3-026DAAA11BDA}.Debug|Any CPU.Build.0 = Debug|Any CPU
		{65E79ED4-D50F-4E05-A3A3-026DAAA11BDA}.ExportDebug|Any CPU.ActiveCfg = ExportDebug|Any CPU
		{65E79ED4-D50F-4E05-A3A3-026DAAA11BDA}.ExportDebug|Any CPU.Build.0 = ExportDebug|Any CPU
		{65E79ED4-D50F-4E05-A3A3-026DAAA11BDA}.ExportRelease|Any CPU.ActiveCfg = ExportRelease|Any CPU
		{65E79ED4-D50F-4E05-A3A3-026DAAA11BDA}.ExportRelease|Any CPU.Build.0 = ExportRelease|Any CPU
	EndGlobalSection
EndGlobal
